{
  "originHash" : "c5d3bdf5868036a2bfffaa5e9b00efbb9d3652d9558576f9eb1df793e4fbe51a",
  "pins" : [
    {
      "identity" : "swiftformat-mirror",
      "kind" : "remoteSourceControl",
      "location" : "https://codeberg.org/Cyberbeni/SwiftFormat-mirror",
      "state" : {
        "revision" : "bff290dbd68e1874a953c3d9a4f60bc53e3cb75d",
        "version" : "0.59.0"
      }
    }
  ],
  "version" : 3
}
