{
  "originHash" : "440c813056d51b9fba0fcd8aa9e5b3551cf8fb7f10ad8adbbf889cdef3b9ab55",
  "pins" : [
    {
      "identity" : "swiftformat-mirror",
      "kind" : "remoteSourceControl",
      "location" : "https://codeberg.org/Cyberbeni/SwiftFormat-mirror",
      "state" : {
        "revision" : "af6d5e684e6b003ea8b1ce433914eb8435fc42bf",
        "version" : "0.59.1"
      }
    }
  ],
  "version" : 3
}
